
Microsoft Visual Studio Solution File, Format Version 12.00
Project("{2150E333-8FDC-42A3-9474-1A3956D46DE8}") = "SolutionItems", "SolutionItems", "{56365255-D2FC-4388-B4A0-2E01DC2FAD9E}"
	ProjectSection(SolutionItems) = preProject
		.gitignore = .gitignore
	EndProjectSection
EndProject
Project("{2150E333-8FDC-42A3-9474-1A3956D46DE8}") = "Source", "Source", "{55A5244E-16A8-4F50-A1DD-F8D33851E39B}"
EndProject
Project("{FAE04EC0-301F-11D3-BF4B-00C04F79EFBC}") = "Application", "Source\Application\Application.csproj", "{AFB7EED6-30CF-462F-9604-1C206B1A5521}"
EndProject
Project("{FAE04EC0-301F-11D3-BF4B-00C04F79EFBC}") = "Common", "Source\Common\Common.csproj", "{2AA94687-3435-4867-A89A-A6D3B7C0D792}"
EndProject
Project("{FAE04EC0-301F-11D3-BF4B-00C04F79EFBC}") = "Domain", "Source\Domain\Domain.csproj", "{C39BBB25-C1CE-4BE8-8349-F5CF2B2094F5}"
EndProject
Project("{FAE04EC0-301F-11D3-BF4B-00C04F79EFBC}") = "Infrastructure", "Source\Infrastructure\Infrastructure.csproj", "{81758356-9EE4-4A47-9FEE-654E53A3A739}"
EndProject
Project("{FAE04EC0-301F-11D3-BF4B-00C04F79EFBC}") = "Persistence", "Source\Persistence\Persistence.csproj", "{77D618C0-E527-4F7F-A9DC-858B6B44CCFB}"
EndProject
Project("{FAE04EC0-301F-11D3-BF4B-00C04F79EFBC}") = "UI.Shared", "Source\UI.Shared\UI.Shared.csproj", "{3018C805-C2A9-486A-9F94-423CE50987E2}"
EndProject
Project("{FAE04EC0-301F-11D3-BF4B-00C04F79EFBC}") = "UI.Server", "Source\UI.Server\UI.Server.csproj", "{2FA0B8C2-87C3-4C80-B465-E945227573A3}"
EndProject
Project("{FAE04EC0-301F-11D3-BF4B-00C04F79EFBC}") = "UI.Web", "Source\UI.Web\UI.Web.csproj", "{0C398182-4C2C-401A-8E0D-717BCB39EEC5}"
EndProject
Project("{FAE04EC0-301F-11D3-BF4B-00C04F79EFBC}") = "UI.Blazor", "Source\UI.Blazor\UI.Blazor.csproj", "{2C7AE04B-5CDD-4C65-ABB1-80A92EB974C0}"
EndProject
Global
	GlobalSection(SolutionConfigurationPlatforms) = preSolution
		Debug|Any CPU = Debug|Any CPU
		Release|Any CPU = Release|Any CPU
	EndGlobalSection
	GlobalSection(NestedProjects) = preSolution
		{AFB7EED6-30CF-462F-9604-1C206B1A5521} = {55A5244E-16A8-4F50-A1DD-F8D33851E39B}
		{2AA94687-3435-4867-A89A-A6D3B7C0D792} = {55A5244E-16A8-4F50-A1DD-F8D33851E39B}
		{C39BBB25-C1CE-4BE8-8349-F5CF2B2094F5} = {55A5244E-16A8-4F50-A1DD-F8D33851E39B}
		{81758356-9EE4-4A47-9FEE-654E53A3A739} = {55A5244E-16A8-4F50-A1DD-F8D33851E39B}
		{77D618C0-E527-4F7F-A9DC-858B6B44CCFB} = {55A5244E-16A8-4F50-A1DD-F8D33851E39B}
		{3018C805-C2A9-486A-9F94-423CE50987E2} = {55A5244E-16A8-4F50-A1DD-F8D33851E39B}
		{2FA0B8C2-87C3-4C80-B465-E945227573A3} = {55A5244E-16A8-4F50-A1DD-F8D33851E39B}
		{0C398182-4C2C-401A-8E0D-717BCB39EEC5} = {55A5244E-16A8-4F50-A1DD-F8D33851E39B}
		{2C7AE04B-5CDD-4C65-ABB1-80A92EB974C0} = {55A5244E-16A8-4F50-A1DD-F8D33851E39B}
	EndGlobalSection
	GlobalSection(ProjectConfigurationPlatforms) = postSolution
		{AFB7EED6-30CF-462F-9604-1C206B1A5521}.Debug|Any CPU.ActiveCfg = Debug|Any CPU
		{AFB7EED6-30CF-462F-9604-1C206B1A5521}.Debug|Any CPU.Build.0 = Debug|Any CPU
		{AFB7EED6-30CF-462F-9604-1C206B1A5521}.Release|Any CPU.ActiveCfg = Release|Any CPU
		{AFB7EED6-30CF-462F-9604-1C206B1A5521}.Release|Any CPU.Build.0 = Release|Any CPU
		{2AA94687-3435-4867-A89A-A6D3B7C0D792}.Debug|Any CPU.ActiveCfg = Debug|Any CPU
		{2AA94687-3435-4867-A89A-A6D3B7C0D792}.Debug|Any CPU.Build.0 = Debug|Any CPU
		{2AA94687-3435-4867-A89A-A6D3B7C0D792}.Release|Any CPU.ActiveCfg = Release|Any CPU
		{2AA94687-3435-4867-A89A-A6D3B7C0D792}.Release|Any CPU.Build.0 = Release|Any CPU
		{C39BBB25-C1CE-4BE8-8349-F5CF2B2094F5}.Debug|Any CPU.ActiveCfg = Debug|Any CPU
		{C39BBB25-C1CE-4BE8-8349-F5CF2B2094F5}.Debug|Any CPU.Build.0 = Debug|Any CPU
		{C39BBB25-C1CE-4BE8-8349-F5CF2B2094F5}.Release|Any CPU.ActiveCfg = Release|Any CPU
		{C39BBB25-C1CE-4BE8-8349-F5CF2B2094F5}.Release|Any CPU.Build.0 = Release|Any CPU
		{81758356-9EE4-4A47-9FEE-654E53A3A739}.Debug|Any CPU.ActiveCfg = Debug|Any CPU
		{81758356-9EE4-4A47-9FEE-654E53A3A739}.Debug|Any CPU.Build.0 = Debug|Any CPU
		{81758356-9EE4-4A47-9FEE-654E53A3A739}.Release|Any CPU.ActiveCfg = Release|Any CPU
		{81758356-9EE4-4A47-9FEE-654E53A3A739}.Release|Any CPU.Build.0 = Release|Any CPU
		{77D618C0-E527-4F7F-A9DC-858B6B44CCFB}.Debug|Any CPU.ActiveCfg = Debug|Any CPU
		{77D618C0-E527-4F7F-A9DC-858B6B44CCFB}.Debug|Any CPU.Build.0 = Debug|Any CPU
		{77D618C0-E527-4F7F-A9DC-858B6B44CCFB}.Release|Any CPU.ActiveCfg = Release|Any CPU
		{77D618C0-E527-4F7F-A9DC-858B6B44CCFB}.Release|Any CPU.Build.0 = Release|Any CPU
		{3018C805-C2A9-486A-9F94-423CE50987E2}.Debug|Any CPU.ActiveCfg = Debug|Any CPU
		{3018C805-C2A9-486A-9F94-423CE50987E2}.Debug|Any CPU.Build.0 = Debug|Any CPU
		{3018C805-C2A9-486A-9F94-423CE50987E2}.Release|Any CPU.ActiveCfg = Release|Any CPU
		{3018C805-C2A9-486A-9F94-423CE50987E2}.Release|Any CPU.Build.0 = Release|Any CPU
		{2FA0B8C2-87C3-4C80-B465-E945227573A3}.Debug|Any CPU.ActiveCfg = Debug|Any CPU
		{2FA0B8C2-87C3-4C80-B465-E945227573A3}.Debug|Any CPU.Build.0 = Debug|Any CPU
		{2FA0B8C2-87C3-4C80-B465-E945227573A3}.Release|Any CPU.ActiveCfg = Release|Any CPU
		{2FA0B8C2-87C3-4C80-B465-E945227573A3}.Release|Any CPU.Build.0 = Release|Any CPU
		{0C398182-4C2C-401A-8E0D-717BCB39EEC5}.Debug|Any CPU.ActiveCfg = Debug|Any CPU
		{0C398182-4C2C-401A-8E0D-717BCB39EEC5}.Debug|Any CPU.Build.0 = Debug|Any CPU
		{0C398182-4C2C-401A-8E0D-717BCB39EEC5}.Release|Any CPU.ActiveCfg = Release|Any CPU
		{0C398182-4C2C-401A-8E0D-717BCB39EEC5}.Release|Any CPU.Build.0 = Release|Any CPU
		{2C7AE04B-5CDD-4C65-ABB1-80A92EB974C0}.Debug|Any CPU.ActiveCfg = Debug|Any CPU
		{2C7AE04B-5CDD-4C65-ABB1-80A92EB974C0}.Debug|Any CPU.Build.0 = Debug|Any CPU
		{2C7AE04B-5CDD-4C65-ABB1-80A92EB974C0}.Release|Any CPU.ActiveCfg = Release|Any CPU
		{2C7AE04B-5CDD-4C65-ABB1-80A92EB974C0}.Release|Any CPU.Build.0 = Release|Any CPU
	EndGlobalSection
EndGlobal
